
Microsoft Visual Studio Solution File, Format Version 12.00
# Visual Studio 15
VisualStudioVersion = 15.0.27703.2000
MinimumVisualStudioVersion = 10.0.40219.1
Project("{FAE04EC0-301F-11D3-BF4B-00C04F79EFBC}") = "CursoDesignPatterns", "CursoDesignPatterns\CursoDesignPatterns.csproj", "{098CB1B6-9DA5-41CC-BBAA-4C69280A86E9}"
EndProject
Project("{FAE04EC0-301F-11D3-BF4B-00C04F79EFBC}") = "CursoDesignPatterns2", "CursoDesignPatterns2\CursoDesignPatterns2.csproj", "{96ED19BA-2242-40F1-9D60-67710C1FFABF}"
EndProject
Global
	GlobalSection(SolutionConfigurationPlatforms) = preSolution
		Debug|Any CPU = Debug|Any CPU
		Release|Any CPU = Release|Any CPU
	EndGlobalSection
	GlobalSection(ProjectConfigurationPlatforms) = postSolution
		{098CB1B6-9DA5-41CC-BBAA-4C69280A86E9}.Debug|Any CPU.ActiveCfg = Debug|Any CPU
		{098CB1B6-9DA5-41CC-BBAA-4C69280A86E9}.Debug|Any CPU.Build.0 = Debug|Any CPU
		{098CB1B6-9DA5-41CC-BBAA-4C69280A86E9}.Release|Any CPU.ActiveCfg = Release|Any CPU
		{098CB1B6-9DA5-41CC-BBAA-4C69280A86E9}.Release|Any CPU.Build.0 = Release|Any CPU
		{96ED19BA-2242-40F1-9D60-67710C1FFABF}.Debug|Any CPU.ActiveCfg = Debug|Any CPU
		{96ED19BA-2242-40F1-9D60-67710C1FFABF}.Debug|Any CPU.Build.0 = Debug|Any CPU
		{96ED19BA-2242-40F1-9D60-67710C1FFABF}.Release|Any CPU.ActiveCfg = Release|Any CPU
		{96ED19BA-2242-40F1-9D60-67710C1FFABF}.Release|Any CPU.Build.0 = Release|Any CPU
	EndGlobalSection
	GlobalSection(SolutionProperties) = preSolution
		HideSolutionNode = FALSE
	EndGlobalSection
	GlobalSection(ExtensibilityGlobals) = postSolution
		SolutionGuid = {B81528EC-7561-47A2-97FD-697C6C1D5AD3}
	EndGlobalSection
EndGlobal
